{
    "name": "type-test",
    "version": "1.0.0",
    "lockfileVersion": 1,
    "requires": true,
    "dependencies": {
        "@type-challenges/utils": {
            "version": "0.1.1",
            "resolved": "https://registry.npmjs.org/@type-challenges/utils/-/utils-0.1.1.tgz",
            "integrity": "sha512-A7ljYfBM+FLw+NDyuYvGBJiCEV9c0lPWEAdzfOAkb3JFqfLl0Iv/WhWMMARHiRKlmmiD1g8gz/507yVvHdQUYA=="
        },
        "fs": {
            "version": "0.0.1-security",
            "resolved": "https://registry.npmjs.org/fs/-/fs-0.0.1-security.tgz",
            "integrity": "sha512-3XY9e1pP0CVEUCdj5BmfIZxRBTSDycnbqhIOGec9QYtmVH2fbLpj86CFWkrNOkt/Fvty4KZG5lTglL9j/gJ87w=="
        },
        "typescript": {
            "version": "4.8.2",
            "resolved": "https://registry.npmjs.org/typescript/-/typescript-4.8.2.tgz",
            "integrity": "sha512-C0I1UsrrDHo2fYI5oaCGbSejwX4ch+9Y5jTQELvovfmFkK3HHSZJB8MSJcWLmCUBzQBchCrZ9rMRV6GuNrvGtw==",
            "dev": true
        }
    }
}
